// !$*UTF8*$!
{
	archiveVersion = 1;
	classes = {
	};
	objectVersion = 50;
	objects = {

/* Begin PBXBuildFile section */
		B324AFED26D682B800A9954D /* AppDelegate.swift in Sources */ = {isa = PBXBuildFile; fileRef = B324AFEC26D682B800A9954D /* AppDelegate.swift */; };
		B324AFEF26D682B800A9954D /* SceneDelegate.swift in Sources */ = {isa = PBXBuildFile; fileRef = B324AFEE26D682B800A9954D /* SceneDelegate.swift */; };
		B324AFF126D682B800A9954D /* ViewController.swift in Sources */ = {isa = PBXBuildFile; fileRef = B324AFF026D682B800A9954D /* ViewController.swift */; };
		B324AFF426D682B800A9954D /* Main.storyboard in Resources */ = {isa = PBXBuildFile; fileRef = B324AFF226D682B800A9954D /* Main.storyboard */; };
		B324AFF626D682C400A9954D /* Assets.xcassets in Resources */ = {isa = PBXBuildFile; fileRef = B324AFF526D682C400A9954D /* Assets.xcassets */; };
		B324AFF926D682C400A9954D /* LaunchScreen.storyboard in Resources */ = {isa = PBXBuildFile; fileRef = B324AFF726D682C400A9954D /* LaunchScreen.storyboard */; };
		B324B00426D682C500A9954D /* InterfaceBuilderBasicsTests.swift in Sources */ = {isa = PBXBuildFile; fileRef = B324B00326D682C500A9954D /* InterfaceBuilderBasicsTests.swift */; };
		B324B00F26D682C500A9954D /* InterfaceBuilderBasicsUITests.swift in Sources */ = {isa = PBXBuildFile; fileRef = B324B00E26D682C500A9954D /* InterfaceBuilderBasicsUITests.swift */; };
/* End PBXBuildFile section */

/* Begin PBXContainerItemProxy section */
		B324B00026D682C500A9954D /* PBXContainerItemProxy */ = {
			isa = PBXContainerItemProxy;
			containerPortal = B324AFE126D682B800A9954D /* Project object */;
			proxyType = 1;
			remoteGlobalIDString = B324AFE826D682B800A9954D;
			remoteInfo = InterfaceBuilderBasics;
		};
		B324B00B26D682C500A9954D /* PBXContainerItemProxy */ = {
			isa = PBXContainerItemProxy;
			containerPortal = B324AFE126D682B800A9954D /* Project object */;
			proxyType = 1;
			remoteGlobalIDString = B324AFE826D682B800A9954D;
			remoteInfo = InterfaceBuilderBasics;
		};
/* End PBXContainerItemProxy section */

/* Begin PBXFileReference section */
		B324AFE926D682B800A9954D /* InterfaceBuilderBasics.app */ = {isa = PBXFileReference; explicitFileType = wrapper.application; includeInIndex = 0; path = InterfaceBuilderBasics.app; sourceTree = BUILT_PRODUCTS_DIR; };
		B324AFEC26D682B800A9954D /* AppDelegate.swift */ = {isa = PBXFileReference; lastKnownFileType = sourcecode.swift; path = AppDelegate.swift; sourceTree = "<group>"; };
		B324AFEE26D682B800A9954D /* SceneDelegate.swift */ = {isa = PBXFileReference; lastKnownFileType = sourcecode.swift; path = SceneDelegate.swift; sourceTree = "<group>"; };
		B324AFF026D682B800A9954D /* ViewController.swift */ = {isa = PBXFileReference; lastKnownFileType = sourcecode.swift; path = ViewController.swift; sourceTree = "<group>"; };
		B324AFF326D682B800A9954D /* Base */ = {isa = PBXFileReference; lastKnownFileType = file.storyboard; name = Base; path = Base.lproj/Main.storyboard; sourceTree = "<group>"; };
		B324AFF526D682C400A9954D /* Assets.xcassets */ = {isa = PBXFileReference; lastKnownFileType = folder.assetcatalog; path = Assets.xcassets; sourceTree = "<group>"; };
		B324AFF826D682C400A9954D /* Base */ = {isa = PBXFileReference; lastKnownFileType = file.storyboard; name = Base; path = Base.lproj/LaunchScreen.storyboard; sourceTree = "<group>"; };
		B324AFFA26D682C400A9954D /* Info.plist */ = {isa = PBXFileReference; lastKnownFileType = text.plist.xml; path = Info.plist; sourceTree = "<group>"; };
		B324AFFF26D682C500A9954D /* InterfaceBuilderBasicsTests.xctest */ = {isa = PBXFileReference; explicitFileType = wrapper.cfbundle; includeInIndex = 0; path = InterfaceBuilderBasicsTests.xctest; sourceTree = BUILT_PRODUCTS_DIR; };
		B324B00326D682C500A9954D /* InterfaceBuilderBasicsTests.swift */ = {isa = PBXFileReference; lastKnownFileType = sourcecode.swift; path = InterfaceBuilderBasicsTests.swift; sourceTree = "<group>"; };
		B324B00526D682C500A9954D /* Info.plist */ = {isa = PBXFileReference; lastKnownFileType = text.plist.xml; path = Info.plist; sourceTree = "<group>"; };
		B324B00A26D682C500A9954D /* InterfaceBuilderBasicsUITests.xctest */ = {isa = PBXFileReference; explicitFileType = wrapper.cfbundle; includeInIndex = 0; path = InterfaceBuilderBasicsUITests.xctest; sourceTree = BUILT_PRODUCTS_DIR; };
		B324B00E26D682C500A9954D /* InterfaceBuilderBasicsUITests.swift */ = {isa = PBXFileReference; lastKnownFileType = sourcecode.swift; path = InterfaceBuilderBasicsUITests.swift; sourceTree = "<group>"; };
		B324B01026D682C500A9954D /* Info.plist */ = {isa = PBXFileReference; lastKnownFileType = text.plist.xml; path = Info.plist; sourceTree = "<group>"; };
/* End PBXFileReference section */

/* Begin PBXFrameworksBuildPhase section */
		B324AFE626D682B800A9954D /* Frameworks */ = {
			isa = PBXFrameworksBuildPhase;
			buildActionMask = 2147483647;
			files = (
			);
			runOnlyForDeploymentPostprocessing = 0;
		};
		B324AFFC26D682C500A9954D /* Frameworks */ = {
			isa = PBXFrameworksBuildPhase;
			buildActionMask = 2147483647;
			files = (
			);
			runOnlyForDeploymentPostprocessing = 0;
		};
		B324B00726D682C500A9954D /* Frameworks */ = {
			isa = PBXFrameworksBuildPhase;
			buildActionMask = 2147483647;
			files = (
			);
			runOnlyForDeploymentPostprocessing = 0;
		};
/* End PBXFrameworksBuildPhase section */

/* Begin PBXGroup section */
		B324AFE026D682B800A9954D = {
			isa = PBXGroup;
			children = (
				B324AFEB26D682B800A9954D /* InterfaceBuilderBasics */,
				B324B00226D682C500A9954D /* InterfaceBuilderBasicsTests */,
				B324B00D26D682C500A9954D /* InterfaceBuilderBasicsUITests */,
				B324AFEA26D682B800A9954D /* Products */,
			);
			sourceTree = "<group>";
		};
		B324AFEA26D682B800A9954D /* Products */ = {
			isa = PBXGroup;
			children = (
				B324AFE926D682B800A9954D /* InterfaceBuilderBasics.app */,
				B324AFFF26D682C500A9954D /* InterfaceBuilderBasicsTests.xctest */,
				B324B00A26D682C500A9954D /* InterfaceBuilderBasicsUITests.xctest */,
			);
			name = Products;
			sourceTree = "<group>";
		};
		B324AFEB26D682B800A9954D /* InterfaceBuilderBasics */ = {
			isa = PBXGroup;
			children = (
				B324AFEC26D682B800A9954D /* AppDelegate.swift */,
				B324AFEE26D682B800A9954D /* SceneDelegate.swift */,
				B324AFF026D682B800A9954D /* ViewController.swift */,
				B324AFF226D682B800A9954D /* Main.storyboard */,
				B324AFF526D682C400A9954D /* Assets.xcassets */,
				B324AFF726D682C400A9954D /* LaunchScreen.storyboard */,
				B324AFFA26D682C400A9954D /* Info.plist */,
			);
			path = InterfaceBuilderBasics;
			sourceTree = "<group>";
		};
		B324B00226D682C500A9954D /* InterfaceBuilderBasicsTests */ = {
			isa = PBXGroup;
			children = (
				B324B00326D682C500A9954D /* InterfaceBuilderBasicsTests.swift */,
				B324B00526D682C500A9954D /* Info.plist */,
			);
			path = InterfaceBuilderBasicsTests;
			sourceTree = "<group>";
		};
		B324B00D26D682C500A9954D /* InterfaceBuilderBasicsUITests */ = {
			isa = PBXGroup;
			children = (
				B324B00E26D682C500A9954D /* InterfaceBuilderBasicsUITests.swift */,
				B324B01026D682C500A9954D /* Info.plist */,
			);
			path = InterfaceBuilderBasicsUITests;
			sourceTree = "<group>";
		};
/* End PBXGroup section */

/* Begin PBXNativeTarget section */
		B324AFE826D682B800A9954D /* InterfaceBuilderBasics */ = {
			isa = PBXNativeTarget;
			buildConfigurationList = B324B01326D682C500A9954D /* Build configuration list for PBXNativeTarget "InterfaceBuilderBasics" */;
			buildPhases = (
				B324AFE526D682B800A9954D /* Sources */,
				B324AFE626D682B800A9954D /* Frameworks */,
				B324AFE726D682B800A9954D /* Resources */,
			);
			buildRules = (
			);
			dependencies = (
			);
			name = InterfaceBuilderBasics;
			productName = InterfaceBuilderBasics;
			productReference = B324AFE926D682B800A9954D /* InterfaceBuilderBasics.app */;
			productType = "com.apple.product-type.application";
		};
		B324AFFE26D682C500A9954D /* InterfaceBuilderBasicsTests */ = {
			isa = PBXNativeTarget;
			buildConfigurationList = B324B01626D682C500A9954D /* Build configuration list for PBXNativeTarget "InterfaceBuilderBasicsTests" */;
			buildPhases = (
				B324AFFB26D682C500A9954D /* Sources */,
				B324AFFC26D682C500A9954D /* Frameworks */,
				B324AFFD26D682C500A9954D /* Resources */,
			);
			buildRules = (
			);
			dependencies = (
				B324B00126D682C500A9954D /* PBXTargetDependency */,
			);
			name = InterfaceBuilderBasicsTests;
			productName = InterfaceBuilderBasicsTests;
			productReference = B324AFFF26D682C500A9954D /* InterfaceBuilderBasicsTests.xctest */;
			productType = "com.apple.product-type.bundle.unit-test";
		};
		B324B00926D682C500A9954D /* InterfaceBuilderBasicsUITests */ = {
			isa = PBXNativeTarget;
			buildConfigurationList = B324B01926D682C500A9954D /* Build configuration list for PBXNativeTarget "InterfaceBuilderBasicsUITests" */;
			buildPhases = (
				B324B00626D682C500A9954D /* Sources */,
				B324B00726D682C500A9954D /* Frameworks */,
				B324B00826D682C500A9954D /* Resources */,
			);
			buildRules = (
			);
			dependencies = (
				B324B00C26D682C500A9954D /* PBXTargetDependency */,
			);
			name = InterfaceBuilderBasicsUITests;
			productName = InterfaceBuilderBasicsUITests;
			productReference = B324B00A26D682C500A9954D /* InterfaceBuilderBasicsUITests.xctest */;
			productType = "com.apple.product-type.bundle.ui-testing";
		};
/* End PBXNativeTarget section */

/* Begin PBXProject section */
		B324AFE126D682B800A9954D /* Project object */ = {
			isa = PBXProject;
			attributes = {
				LastSwiftUpdateCheck = 1250;
				LastUpgradeCheck = 1250;
				TargetAttributes = {
					B324AFE826D682B800A9954D = {
						CreatedOnToolsVersion = 12.5.1;
					};
					B324AFFE26D682C500A9954D = {
						CreatedOnToolsVersion = 12.5.1;
						TestTargetID = B324AFE826D682B800A9954D;
					};
					B324B00926D682C500A9954D = {
						CreatedOnToolsVersion = 12.5.1;
						TestTargetID = B324AFE826D682B800A9954D;
					};
				};
			};
			buildConfigurationList = B324AFE426D682B800A9954D /* Build configuration list for PBXProject "InterfaceBuilderBasics" */;
			compatibilityVersion = "Xcode 9.3";
			developmentRegion = en;
			hasScannedForEncodings = 0;
			knownRegions = (
				en,
				Base,
			);
			mainGroup = B324AFE026D682B800A9954D;
			productRefGroup = B324AFEA26D682B800A9954D /* Products */;
			projectDirPath = "";
			projectRoot = "";
			targets = (
				B324AFE826D682B800A9954D /* InterfaceBuilderBasics */,
				B324AFFE26D682C500A9954D /* InterfaceBuilderBasicsTests */,
				B324B00926D682C500A9954D /* InterfaceBuilderBasicsUITests */,
			);
		};
/* End PBXProject section */

/* Begin PBXResourcesBuildPhase section */
		B324AFE726D682B800A9954D /* Resources */ = {
			isa = PBXResourcesBuildPhase;
			buildActionMask = 2147483647;
			files = (
				B324AFF926D682C400A9954D /* LaunchScreen.storyboard in Resources */,
				B324AFF626D682C400A9954D /* Assets.xcassets in Resources */,
				B324AFF426D682B800A9954D /* Main.storyboard in Resources */,
			);
			runOnlyForDeploymentPostprocessing = 0;
		};
		B324AFFD26D682C500A9954D /* Resources */ = {
			isa = PBXResourcesBuildPhase;
			buildActionMask = 2147483647;
			files = (
			);
			runOnlyForDeploymentPostprocessing = 0;
		};
		B324B00826D682C500A9954D /* Resources */ = {
			isa = PBXResourcesBuildPhase;
			buildActionMask = 2147483647;
			files = (
			);
			runOnlyForDeploymentPostprocessing = 0;
		};
/* End PBXResourcesBuildPhase section */

/* Begin PBXSourcesBuildPhase section */
		B324AFE526D682B800A9954D /* Sources */ = {
			isa = PBXSourcesBuildPhase;
			buildActionMask = 2147483647;
			files = (
				B324AFF126D682B800A9954D /* ViewController.swift in Sources */,
				B324AFED26D682B800A9954D /* AppDelegate.swift in Sources */,
				B324AFEF26D682B800A9954D /* SceneDelegate.swift in Sources */,
			);
			runOnlyForDeploymentPostprocessing = 0;
		};
		B324AFFB26D682C500A9954D /* Sources */ = {
			isa = PBXSourcesBuildPhase;
			buildActionMask = 2147483647;
			files = (
				B324B00426D682C500A9954D /* InterfaceBuilderBasicsTests.swift in Sources */,
			);
			runOnlyForDeploymentPostprocessing = 0;
		};
		B324B00626D682C500A9954D /* Sources */ = {
			isa = PBXSourcesBuildPhase;
			buildActionMask = 2147483647;
			files = (
				B324B00F26D682C500A9954D /* InterfaceBuilderBasicsUITests.swift in Sources */,
			);
			runOnlyForDeploymentPostprocessing = 0;
		};
/* End PBXSourcesBuildPhase section */

/* Begin PBXTargetDependency section */
		B324B00126D682C500A9954D /* PBXTargetDependency */ = {
			isa = PBXTargetDependency;
			target = B324AFE826D682B800A9954D /* InterfaceBuilderBasics */;
			targetProxy = B324B00026D682C500A9954D /* PBXContainerItemProxy */;
		};
		B324B00C26D682C500A9954D /* PBXTargetDependency */ = {
			isa = PBXTargetDependency;
			target = B324AFE826D682B800A9954D /* InterfaceBuilderBasics */;
			targetProxy = B324B00B26D682C500A9954D /* PBXContainerItemProxy */;
		};
/* End PBXTargetDependency section */

/* Begin PBXVariantGroup section */
		B324AFF226D682B800A9954D /* Main.storyboard */ = {
			isa = PBXVariantGroup;
			children = (
				B324AFF326D682B800A9954D /* Base */,
			);
			name = Main.storyboard;
			sourceTree = "<group>";
		};
		B324AFF726D682C400A9954D /* LaunchScreen.storyboard */ = {
			isa = PBXVariantGroup;
			children = (
				B324AFF826D682C400A9954D /* Base */,
			);
			name = LaunchScreen.storyboard;
			sourceTree = "<group>";
		};
/* End PBXVariantGroup section */

/* Begin XCBuildConfiguration section */
		B324B01126D682C500A9954D /* Debug */ = {
			isa = XCBuildConfiguration;
			buildSettings = {
				ALWAYS_SEARCH_USER_PATHS = NO;
				CLANG_ANALYZER_NONNULL = YES;
				CLANG_ANALYZER_NUMBER_OBJECT_CONVERSION = YES_AGGRESSIVE;
				CLANG_CXX_LANGUAGE_STANDARD = "gnu++14";
				CLANG_CXX_LIBRARY = "libc++";
				CLANG_ENABLE_MODULES = YES;
				CLANG_ENABLE_OBJC_ARC = YES;
				CLANG_ENABLE_OBJC_WEAK = YES;
				CLANG_WARN_BLOCK_CAPTURE_AUTORELEASING = YES;
				CLANG_WARN_BOOL_CONVERSION = YES;
				CLANG_WARN_COMMA = YES;
				CLANG_WARN_CONSTANT_CONVERSION = YES;
				CLANG_WARN_DEPRECATED_OBJC_IMPLEMENTATIONS = YES;
				CLANG_WARN_DIRECT_OBJC_ISA_USAGE = YES_ERROR;
				CLANG_WARN_DOCUMENTATION_COMMENTS = YES;
				CLANG_WARN_EMPTY_BODY = YES;
				CLANG_WARN_ENUM_CONVERSION = YES;
				CLANG_WARN_INFINITE_RECURSION = YES;
				CLANG_WARN_INT_CONVERSION = YES;
				CLANG_WARN_NON_LITERAL_NULL_CONVERSION = YES;
				CLANG_WARN_OBJC_IMPLICIT_RETAIN_SELF = YES;
				CLANG_WARN_OBJC_LITERAL_CONVERSION = YES;
				CLANG_WARN_OBJC_ROOT_CLASS = YES_ERROR;
				CLANG_WARN_QUOTED_INCLUDE_IN_FRAMEWORK_HEADER = YES;
				CLANG_WARN_RANGE_LOOP_ANALYSIS = YES;
				CLANG_WARN_STRICT_PROTOTYPES = YES;
				CLANG_WARN_SUSPICIOUS_MOVE = YES;
				CLANG_WARN_UNGUARDED_AVAILABILITY = YES_AGGRESSIVE;
				CLANG_WARN_UNREACHABLE_CODE = YES;
				CLANG_WARN__DUPLICATE_METHOD_MATCH = YES;
				COPY_PHASE_STRIP = NO;
				DEBUG_INFORMATION_FORMAT = dwarf;
				ENABLE_STRICT_OBJC_MSGSEND = YES;
				ENABLE_TESTABILITY = YES;
				GCC_C_LANGUAGE_STANDARD = gnu11;
				GCC_DYNAMIC_NO_PIC = NO;
				GCC_NO_COMMON_BLOCKS = YES;
				GCC_OPTIMIZATION_LEVEL = 0;
				GCC_PREPROCESSOR_DEFINITIONS = (
					"DEBUG=1",
					"$(inherited)",
				);
				GCC_WARN_64_TO_32_BIT_CONVERSION = YES;
				GCC_WARN_ABOUT_RETURN_TYPE = YES_ERROR;
				GCC_WARN_UNDECLARED_SELECTOR = YES;
				GCC_WARN_UNINITIALIZED_AUTOS = YES_AGGRESSIVE;
				GCC_WARN_UNUSED_FUNCTION = YES;
				GCC_WARN_UNUSED_VARIABLE = YES;
				IPHONEOS_DEPLOYMENT_TARGET = 14.5;
				MTL_ENABLE_DEBUG_INFO = INCLUDE_SOURCE;
				MTL_FAST_MATH = YES;
				ONLY_ACTIVE_ARCH = YES;
				SDKROOT = iphoneos;
				SWIFT_ACTIVE_COMPILATION_CONDITIONS = DEBUG;
				SWIFT_OPTIMIZATION_LEVEL = "-Onone";
			};
			name = Debug;
		};
		B324B01226D682C500A9954D /* Release */ = {
			isa = XCBuildConfiguration;
			buildSettings = {
				ALWAYS_SEARCH_USER_PATHS = NO;
				CLANG_ANALYZER_NONNULL = YES;
				CLANG_ANALYZER_NUMBER_OBJECT_CONVERSION = YES_AGGRESSIVE;
				CLANG_CXX_LANGUAGE_STANDARD = "gnu++14";
				CLANG_CXX_LIBRARY = "libc++";
				CLANG_ENABLE_MODULES = YES;
				CLANG_ENABLE_OBJC_ARC = YES;
				CLANG_ENABLE_OBJC_WEAK = YES;
				CLANG_WARN_BLOCK_CAPTURE_AUTORELEASING = YES;
				CLANG_WARN_BOOL_CONVERSION = YES;
				CLANG_WARN_COMMA = YES;
				CLANG_WARN_CONSTANT_CONVERSION = YES;
				CLANG_WARN_DEPRECATED_OBJC_IMPLEMENTATIONS = YES;
				CLANG_WARN_DIRECT_OBJC_ISA_USAGE = YES_ERROR;
				CLANG_WARN_DOCUMENTATION_COMMENTS = YES;
				CLANG_WARN_EMPTY_BODY = YES;
				CLANG_WARN_ENUM_CONVERSION = YES;
				CLANG_WARN_INFINITE_RECURSION = YES;
				CLANG_WARN_INT_CONVERSION = YES;
				CLANG_WARN_NON_LITERAL_NULL_CONVERSION = YES;
				CLANG_WARN_OBJC_IMPLICIT_RETAIN_SELF = YES;
				CLANG_WARN_OBJC_LITERAL_CONVERSION = YES;
				CLANG_WARN_OBJC_ROOT_CLASS = YES_ERROR;
				CLANG_WARN_QUOTED_INCLUDE_IN_FRAMEWORK_HEADER = YES;
				CLANG_WARN_RANGE_LOOP_ANALYSIS = YES;
				CLANG_WARN_STRICT_PROTOTYPES = YES;
				CLANG_WARN_SUSPICIOUS_MOVE = YES;
				CLANG_WARN_UNGUARDED_AVAILABILITY = YES_AGGRESSIVE;
				CLANG_WARN_UNREACHABLE_CODE = YES;
				CLANG_WARN__DUPLICATE_METHOD_MATCH = YES;
				COPY_PHASE_STRIP = NO;
				DEBUG_INFORMATION_FORMAT = "dwarf-with-dsym";
				ENABLE_NS_ASSERTIONS = NO;
				ENABLE_STRICT_OBJC_MSGSEND = YES;
				GCC_C_LANGUAGE_STANDARD = gnu11;
				GCC_NO_COMMON_BLOCKS = YES;
				GCC_WARN_64_TO_32_BIT_CONVERSION = YES;
				GCC_WARN_ABOUT_RETURN_TYPE = YES_ERROR;
				GCC_WARN_UNDECLARED_SELECTOR = YES;
				GCC_WARN_UNINITIALIZED_AUTOS = YES_AGGRESSIVE;
				GCC_WARN_UNUSED_FUNCTION = YES;
				GCC_WARN_UNUSED_VARIABLE = YES;
				IPHONEOS_DEPLOYMENT_TARGET = 14.5;
				MTL_ENABLE_DEBUG_INFO = NO;
				MTL_FAST_MATH = YES;
				SDKROOT = iphoneos;
				SWIFT_COMPILATION_MODE = wholemodule;
				SWIFT_OPTIMIZATION_LEVEL = "-O";
				VALIDATE_PRODUCT = YES;
			};
			name = Release;
		};
		B324B01426D682C500A9954D /* Debug */ = {
			isa = XCBuildConfiguration;
			buildSettings = {
				ASSETCATALOG_COMPILER_APPICON_NAME = AppIcon;
				ASSETCATALOG_COMPILER_GLOBAL_ACCENT_COLOR_NAME = AccentColor;
				CODE_SIGN_STYLE = Automatic;
				INFOPLIST_FILE = InterfaceBuilderBasics/Info.plist;
				LD_RUNPATH_SEARCH_PATHS = (
					"$(inherited)",
					"@executable_path/Frameworks",
				);
				PRODUCT_BUNDLE_IDENTIFIER = com.AdisonGreen.InterfaceBuilderBasics;
				PRODUCT_NAME = "$(TARGET_NAME)";
				SWIFT_VERSION = 5.0;
				TARGETED_DEVICE_FAMILY = "1,2";
			};
			name = Debug;
		};
		B324B01526D682C500A9954D /* Release */ = {
			isa = XCBuildConfiguration;
			buildSettings = {
				ASSETCATALOG_COMPILER_APPICON_NAME = AppIcon;
				ASSETCATALOG_COMPILER_GLOBAL_ACCENT_COLOR_NAME = AccentColor;
				CODE_SIGN_STYLE = Automatic;
				INFOPLIST_FILE = InterfaceBuilderBasics/Info.plist;
				LD_RUNPATH_SEARCH_PATHS = (
					"$(inherited)",
					"@executable_path/Frameworks",
				);
				PRODUCT_BUNDLE_IDENTIFIER = com.AdisonGreen.InterfaceBuilderBasics;
				PRODUCT_NAME = "$(TARGET_NAME)";
				SWIFT_VERSION = 5.0;
				TARGETED_DEVICE_FAMILY = "1,2";
			};
			name = Release;
		};
		B324B01726D682C500A9954D /* Debug */ = {
			isa = XCBuildConfiguration;
			buildSettings = {
				ALWAYS_EMBED_SWIFT_STANDARD_LIBRARIES = YES;
				BUNDLE_LOADER = "$(TEST_HOST)";
				CODE_SIGN_STYLE = Automatic;
				INFOPLIST_FILE = InterfaceBuilderBasicsTests/Info.plist;
				IPHONEOS_DEPLOYMENT_TARGET = 14.5;
				LD_RUNPATH_SEARCH_PATHS = (
					"$(inherited)",
					"@executable_path/Frameworks",
					"@loader_path/Frameworks",
				);
				PRODUCT_BUNDLE_IDENTIFIER = com.AdisonGreen.InterfaceBuilderBasicsTests;
				PRODUCT_NAME = "$(TARGET_NAME)";
				SWIFT_VERSION = 5.0;
				TARGETED_DEVICE_FAMILY = "1,2";
				TEST_HOST = "$(BUILT_PRODUCTS_DIR)/InterfaceBuilderBasics.app/InterfaceBuilderBasics";
			};
			name = Debug;
		};
		B324B01826D682C500A9954D /* Release */ = {
			isa = XCBuildConfiguration;
			buildSettings = {
				ALWAYS_EMBED_SWIFT_STANDARD_LIBRARIES = YES;
				BUNDLE_LOADER = "$(TEST_HOST)";
				CODE_SIGN_STYLE = Automatic;
				INFOPLIST_FILE = InterfaceBuilderBasicsTests/Info.plist;
				IPHONEOS_DEPLOYMENT_TARGET = 14.5;
				LD_RUNPATH_SEARCH_PATHS = (
					"$(inherited)",
					"@executable_path/Frameworks",
					"@loader_path/Frameworks",
				);
				PRODUCT_BUNDLE_IDENTIFIER = com.AdisonGreen.InterfaceBuilderBasicsTests;
				PRODUCT_NAME = "$(TARGET_NAME)";
				SWIFT_VERSION = 5.0;
				TARGETED_DEVICE_FAMILY = "1,2";
				TEST_HOST = "$(BUILT_PRODUCTS_DIR)/InterfaceBuilderBasics.app/InterfaceBuilderBasics";
			};
			name = Release;
		};
		B324B01A26D682C500A9954D /* Debug */ = {
			isa = XCBuildConfiguration;
			buildSettings = {
				ALWAYS_EMBED_SWIFT_STANDARD_LIBRARIES = YES;
				CODE_SIGN_STYLE = Automatic;
				INFOPLIST_FILE = InterfaceBuilderBasicsUITests/Info.plist;
				LD_RUNPATH_SEARCH_PATHS = (
					"$(inherited)",
					"@executable_path/Frameworks",
					"@loader_path/Frameworks",
				);
				PRODUCT_BUNDLE_IDENTIFIER = com.AdisonGreen.InterfaceBuilderBasicsUITests;
				PRODUCT_NAME = "$(TARGET_NAME)";
				SWIFT_VERSION = 5.0;
				TARGETED_DEVICE_FAMILY = "1,2";
				TEST_TARGET_NAME = InterfaceBuilderBasics;
			};
			name = Debug;
		};
		B324B01B26D682C500A9954D /* Release */ = {
			isa = XCBuildConfiguration;
			buildSettings = {
				ALWAYS_EMBED_SWIFT_STANDARD_LIBRARIES = YES;
				CODE_SIGN_STYLE = Automatic;
				INFOPLIST_FILE = InterfaceBuilderBasicsUITests/Info.plist;
				LD_RUNPATH_SEARCH_PATHS = (
					"$(inherited)",
					"@executable_path/Frameworks",
					"@loader_path/Frameworks",
				);
				PRODUCT_BUNDLE_IDENTIFIER = com.AdisonGreen.InterfaceBuilderBasicsUITests;
				PRODUCT_NAME = "$(TARGET_NAME)";
				SWIFT_VERSION = 5.0;
				TARGETED_DEVICE_FAMILY = "1,2";
				TEST_TARGET_NAME = InterfaceBuilderBasics;
			};
			name = Release;
		};
/* End XCBuildConfiguration section */

/* Begin XCConfigurationList section */
		B324AFE426D682B800A9954D /* Build configuration list for PBXProject "InterfaceBuilderBasics" */ = {
			isa = XCConfigurationList;
			buildConfigurations = (
				B324B01126D682C500A9954D /* Debug */,
				B324B01226D682C500A9954D /* Release */,
			);
			defaultConfigurationIsVisible = 0;
			defaultConfigurationName = Release;
		};
		B324B01326D682C500A9954D /* Build configuration list for PBXNativeTarget "InterfaceBuilderBasics" */ = {
			isa = XCConfigurationList;
			buildConfigurations = (
				B324B01426D682C500A9954D /* Debug */,
				B324B01526D682C500A9954D /* Release */,
			);
			defaultConfigurationIsVisible = 0;
			defaultConfigurationName = Release;
		};
		B324B01626D682C500A9954D /* Build configuration list for PBXNativeTarget "InterfaceBuilderBasicsTests" */ = {
			isa = XCConfigurationList;
			buildConfigurations = (
				B324B01726D682C500A9954D /* Debug */,
				B324B01826D682C500A9954D /* Release */,
			);
			defaultConfigurationIsVisible = 0;
			defaultConfigurationName = Release;
		};
		B324B01926D682C500A9954D /* Build configuration list for PBXNativeTarget "InterfaceBuilderBasicsUITests" */ = {
			isa = XCConfigurationList;
			buildConfigurations = (
				B324B01A26D682C500A9954D /* Debug */,
				B324B01B26D682C500A9954D /* Release */,
			);
			defaultConfigurationIsVisible = 0;
			defaultConfigurationName = Release;
		};
/* End XCConfigurationList section */
	};
	rootObject = B324AFE126D682B800A9954D /* Project object */;
}
