// !$*UTF8*$!
{
	archiveVersion = 1;
	classes = {
	};
	objectVersion = 50;
	objects = {

/* Begin PBXBuildFile section */
		B324AFB126D3F0C300A9954D /* AppDelegate.swift in Sources */ = {isa = PBXBuildFile; fileRef = B324AFB026D3F0C300A9954D /* AppDelegate.swift */; };
		B324AFB326D3F0C300A9954D /* SceneDelegate.swift in Sources */ = {isa = PBXBuildFile; fileRef = B324AFB226D3F0C300A9954D /* SceneDelegate.swift */; };
		B324AFB526D3F0C300A9954D /* ViewController.swift in Sources */ = {isa = PBXBuildFile; fileRef = B324AFB426D3F0C300A9954D /* ViewController.swift */; };
		B324AFB826D3F0C300A9954D /* Main.storyboard in Resources */ = {isa = PBXBuildFile; fileRef = B324AFB626D3F0C300A9954D /* Main.storyboard */; };
		B324AFBA26D3F0C400A9954D /* Assets.xcassets in Resources */ = {isa = PBXBuildFile; fileRef = B324AFB926D3F0C400A9954D /* Assets.xcassets */; };
		B324AFBD26D3F0C400A9954D /* LaunchScreen.storyboard in Resources */ = {isa = PBXBuildFile; fileRef = B324AFBB26D3F0C400A9954D /* LaunchScreen.storyboard */; };
		B324AFC826D3F0C400A9954D /* Dummy3Tests.swift in Sources */ = {isa = PBXBuildFile; fileRef = B324AFC726D3F0C400A9954D /* Dummy3Tests.swift */; };
		B324AFD326D3F0C400A9954D /* Dummy3UITests.swift in Sources */ = {isa = PBXBuildFile; fileRef = B324AFD226D3F0C400A9954D /* Dummy3UITests.swift */; };
/* End PBXBuildFile section */

/* Begin PBXContainerItemProxy section */
		B324AFC426D3F0C400A9954D /* PBXContainerItemProxy */ = {
			isa = PBXContainerItemProxy;
			containerPortal = B324AFA526D3F0C300A9954D /* Project object */;
			proxyType = 1;
			remoteGlobalIDString = B324AFAC26D3F0C300A9954D;
			remoteInfo = Dummy3;
		};
		B324AFCF26D3F0C400A9954D /* PBXContainerItemProxy */ = {
			isa = PBXContainerItemProxy;
			containerPortal = B324AFA526D3F0C300A9954D /* Project object */;
			proxyType = 1;
			remoteGlobalIDString = B324AFAC26D3F0C300A9954D;
			remoteInfo = Dummy3;
		};
/* End PBXContainerItemProxy section */

/* Begin PBXFileReference section */
		B324AFAD26D3F0C300A9954D /* Dummy3.app */ = {isa = PBXFileReference; explicitFileType = wrapper.application; includeInIndex = 0; path = Dummy3.app; sourceTree = BUILT_PRODUCTS_DIR; };
		B324AFB026D3F0C300A9954D /* AppDelegate.swift */ = {isa = PBXFileReference; lastKnownFileType = sourcecode.swift; path = AppDelegate.swift; sourceTree = "<group>"; };
		B324AFB226D3F0C300A9954D /* SceneDelegate.swift */ = {isa = PBXFileReference; lastKnownFileType = sourcecode.swift; path = SceneDelegate.swift; sourceTree = "<group>"; };
		B324AFB426D3F0C300A9954D /* ViewController.swift */ = {isa = PBXFileReference; lastKnownFileType = sourcecode.swift; path = ViewController.swift; sourceTree = "<group>"; };
		B324AFB726D3F0C300A9954D /* Base */ = {isa = PBXFileReference; lastKnownFileType = file.storyboard; name = Base; path = Base.lproj/Main.storyboard; sourceTree = "<group>"; };
		B324AFB926D3F0C400A9954D /* Assets.xcassets */ = {isa = PBXFileReference; lastKnownFileType = folder.assetcatalog; path = Assets.xcassets; sourceTree = "<group>"; };
		B324AFBC26D3F0C400A9954D /* Base */ = {isa = PBXFileReference; lastKnownFileType = file.storyboard; name = Base; path = Base.lproj/LaunchScreen.storyboard; sourceTree = "<group>"; };
		B324AFBE26D3F0C400A9954D /* Info.plist */ = {isa = PBXFileReference; lastKnownFileType = text.plist.xml; path = Info.plist; sourceTree = "<group>"; };
		B324AFC326D3F0C400A9954D /* Dummy3Tests.xctest */ = {isa = PBXFileReference; explicitFileType = wrapper.cfbundle; includeInIndex = 0; path = Dummy3Tests.xctest; sourceTree = BUILT_PRODUCTS_DIR; };
		B324AFC726D3F0C400A9954D /* Dummy3Tests.swift */ = {isa = PBXFileReference; lastKnownFileType = sourcecode.swift; path = Dummy3Tests.swift; sourceTree = "<group>"; };
		B324AFC926D3F0C400A9954D /* Info.plist */ = {isa = PBXFileReference; lastKnownFileType = text.plist.xml; path = Info.plist; sourceTree = "<group>"; };
		B324AFCE26D3F0C400A9954D /* Dummy3UITests.xctest */ = {isa = PBXFileReference; explicitFileType = wrapper.cfbundle; includeInIndex = 0; path = Dummy3UITests.xctest; sourceTree = BUILT_PRODUCTS_DIR; };
		B324AFD226D3F0C400A9954D /* Dummy3UITests.swift */ = {isa = PBXFileReference; lastKnownFileType = sourcecode.swift; path = Dummy3UITests.swift; sourceTree = "<group>"; };
		B324AFD426D3F0C400A9954D /* Info.plist */ = {isa = PBXFileReference; lastKnownFileType = text.plist.xml; path = Info.plist; sourceTree = "<group>"; };
/* End PBXFileReference section */

/* Begin PBXFrameworksBuildPhase section */
		B324AFAA26D3F0C300A9954D /* Frameworks */ = {
			isa = PBXFrameworksBuildPhase;
			buildActionMask = 2147483647;
			files = (
			);
			runOnlyForDeploymentPostprocessing = 0;
		};
		B324AFC026D3F0C400A9954D /* Frameworks */ = {
			isa = PBXFrameworksBuildPhase;
			buildActionMask = 2147483647;
			files = (
			);
			runOnlyForDeploymentPostprocessing = 0;
		};
		B324AFCB26D3F0C400A9954D /* Frameworks */ = {
			isa = PBXFrameworksBuildPhase;
			buildActionMask = 2147483647;
			files = (
			);
			runOnlyForDeploymentPostprocessing = 0;
		};
/* End PBXFrameworksBuildPhase section */

/* Begin PBXGroup section */
		B324AFA426D3F0C300A9954D = {
			isa = PBXGroup;
			children = (
				B324AFAF26D3F0C300A9954D /* Dummy3 */,
				B324AFC626D3F0C400A9954D /* Dummy3Tests */,
				B324AFD126D3F0C400A9954D /* Dummy3UITests */,
				B324AFAE26D3F0C300A9954D /* Products */,
			);
			sourceTree = "<group>";
		};
		B324AFAE26D3F0C300A9954D /* Products */ = {
			isa = PBXGroup;
			children = (
				B324AFAD26D3F0C300A9954D /* Dummy3.app */,
				B324AFC326D3F0C400A9954D /* Dummy3Tests.xctest */,
				B324AFCE26D3F0C400A9954D /* Dummy3UITests.xctest */,
			);
			name = Products;
			sourceTree = "<group>";
		};
		B324AFAF26D3F0C300A9954D /* Dummy3 */ = {
			isa = PBXGroup;
			children = (
				B324AFB026D3F0C300A9954D /* AppDelegate.swift */,
				B324AFB226D3F0C300A9954D /* SceneDelegate.swift */,
				B324AFB426D3F0C300A9954D /* ViewController.swift */,
				B324AFB626D3F0C300A9954D /* Main.storyboard */,
				B324AFB926D3F0C400A9954D /* Assets.xcassets */,
				B324AFBB26D3F0C400A9954D /* LaunchScreen.storyboard */,
				B324AFBE26D3F0C400A9954D /* Info.plist */,
			);
			path = Dummy3;
			sourceTree = "<group>";
		};
		B324AFC626D3F0C400A9954D /* Dummy3Tests */ = {
			isa = PBXGroup;
			children = (
				B324AFC726D3F0C400A9954D /* Dummy3Tests.swift */,
				B324AFC926D3F0C400A9954D /* Info.plist */,
			);
			path = Dummy3Tests;
			sourceTree = "<group>";
		};
		B324AFD126D3F0C400A9954D /* Dummy3UITests */ = {
			isa = PBXGroup;
			children = (
				B324AFD226D3F0C400A9954D /* Dummy3UITests.swift */,
				B324AFD426D3F0C400A9954D /* Info.plist */,
			);
			path = Dummy3UITests;
			sourceTree = "<group>";
		};
/* End PBXGroup section */

/* Begin PBXNativeTarget section */
		B324AFAC26D3F0C300A9954D /* Dummy3 */ = {
			isa = PBXNativeTarget;
			buildConfigurationList = B324AFD726D3F0C400A9954D /* Build configuration list for PBXNativeTarget "Dummy3" */;
			buildPhases = (
				B324AFA926D3F0C300A9954D /* Sources */,
				B324AFAA26D3F0C300A9954D /* Frameworks */,
				B324AFAB26D3F0C300A9954D /* Resources */,
			);
			buildRules = (
			);
			dependencies = (
			);
			name = Dummy3;
			productName = Dummy3;
			productReference = B324AFAD26D3F0C300A9954D /* Dummy3.app */;
			productType = "com.apple.product-type.application";
		};
		B324AFC226D3F0C400A9954D /* Dummy3Tests */ = {
			isa = PBXNativeTarget;
			buildConfigurationList = B324AFDA26D3F0C400A9954D /* Build configuration list for PBXNativeTarget "Dummy3Tests" */;
			buildPhases = (
				B324AFBF26D3F0C400A9954D /* Sources */,
				B324AFC026D3F0C400A9954D /* Frameworks */,
				B324AFC126D3F0C400A9954D /* Resources */,
			);
			buildRules = (
			);
			dependencies = (
				B324AFC526D3F0C400A9954D /* PBXTargetDependency */,
			);
			name = Dummy3Tests;
			productName = Dummy3Tests;
			productReference = B324AFC326D3F0C400A9954D /* Dummy3Tests.xctest */;
			productType = "com.apple.product-type.bundle.unit-test";
		};
		B324AFCD26D3F0C400A9954D /* Dummy3UITests */ = {
			isa = PBXNativeTarget;
			buildConfigurationList = B324AFDD26D3F0C400A9954D /* Build configuration list for PBXNativeTarget "Dummy3UITests" */;
			buildPhases = (
				B324AFCA26D3F0C400A9954D /* Sources */,
				B324AFCB26D3F0C400A9954D /* Frameworks */,
				B324AFCC26D3F0C400A9954D /* Resources */,
			);
			buildRules = (
			);
			dependencies = (
				B324AFD026D3F0C400A9954D /* PBXTargetDependency */,
			);
			name = Dummy3UITests;
			productName = Dummy3UITests;
			productReference = B324AFCE26D3F0C400A9954D /* Dummy3UITests.xctest */;
			productType = "com.apple.product-type.bundle.ui-testing";
		};
/* End PBXNativeTarget section */

/* Begin PBXProject section */
		B324AFA526D3F0C300A9954D /* Project object */ = {
			isa = PBXProject;
			attributes = {
				LastSwiftUpdateCheck = 1250;
				LastUpgradeCheck = 1250;
				TargetAttributes = {
					B324AFAC26D3F0C300A9954D = {
						CreatedOnToolsVersion = 12.5.1;
					};
					B324AFC226D3F0C400A9954D = {
						CreatedOnToolsVersion = 12.5.1;
						TestTargetID = B324AFAC26D3F0C300A9954D;
					};
					B324AFCD26D3F0C400A9954D = {
						CreatedOnToolsVersion = 12.5.1;
						TestTargetID = B324AFAC26D3F0C300A9954D;
					};
				};
			};
			buildConfigurationList = B324AFA826D3F0C300A9954D /* Build configuration list for PBXProject "Dummy3" */;
			compatibilityVersion = "Xcode 9.3";
			developmentRegion = en;
			hasScannedForEncodings = 0;
			knownRegions = (
				en,
				Base,
			);
			mainGroup = B324AFA426D3F0C300A9954D;
			productRefGroup = B324AFAE26D3F0C300A9954D /* Products */;
			projectDirPath = "";
			projectRoot = "";
			targets = (
				B324AFAC26D3F0C300A9954D /* Dummy3 */,
				B324AFC226D3F0C400A9954D /* Dummy3Tests */,
				B324AFCD26D3F0C400A9954D /* Dummy3UITests */,
			);
		};
/* End PBXProject section */

/* Begin PBXResourcesBuildPhase section */
		B324AFAB26D3F0C300A9954D /* Resources */ = {
			isa = PBXResourcesBuildPhase;
			buildActionMask = 2147483647;
			files = (
				B324AFBD26D3F0C400A9954D /* LaunchScreen.storyboard in Resources */,
				B324AFBA26D3F0C400A9954D /* Assets.xcassets in Resources */,
				B324AFB826D3F0C300A9954D /* Main.storyboard in Resources */,
			);
			runOnlyForDeploymentPostprocessing = 0;
		};
		B324AFC126D3F0C400A9954D /* Resources */ = {
			isa = PBXResourcesBuildPhase;
			buildActionMask = 2147483647;
			files = (
			);
			runOnlyForDeploymentPostprocessing = 0;
		};
		B324AFCC26D3F0C400A9954D /* Resources */ = {
			isa = PBXResourcesBuildPhase;
			buildActionMask = 2147483647;
			files = (
			);
			runOnlyForDeploymentPostprocessing = 0;
		};
/* End PBXResourcesBuildPhase section */

/* Begin PBXSourcesBuildPhase section */
		B324AFA926D3F0C300A9954D /* Sources */ = {
			isa = PBXSourcesBuildPhase;
			buildActionMask = 2147483647;
			files = (
				B324AFB526D3F0C300A9954D /* ViewController.swift in Sources */,
				B324AFB126D3F0C300A9954D /* AppDelegate.swift in Sources */,
				B324AFB326D3F0C300A9954D /* SceneDelegate.swift in Sources */,
			);
			runOnlyForDeploymentPostprocessing = 0;
		};
		B324AFBF26D3F0C400A9954D /* Sources */ = {
			isa = PBXSourcesBuildPhase;
			buildActionMask = 2147483647;
			files = (
				B324AFC826D3F0C400A9954D /* Dummy3Tests.swift in Sources */,
			);
			runOnlyForDeploymentPostprocessing = 0;
		};
		B324AFCA26D3F0C400A9954D /* Sources */ = {
			isa = PBXSourcesBuildPhase;
			buildActionMask = 2147483647;
			files = (
				B324AFD326D3F0C400A9954D /* Dummy3UITests.swift in Sources */,
			);
			runOnlyForDeploymentPostprocessing = 0;
		};
/* End PBXSourcesBuildPhase section */

/* Begin PBXTargetDependency section */
		B324AFC526D3F0C400A9954D /* PBXTargetDependency */ = {
			isa = PBXTargetDependency;
			target = B324AFAC26D3F0C300A9954D /* Dummy3 */;
			targetProxy = B324AFC426D3F0C400A9954D /* PBXContainerItemProxy */;
		};
		B324AFD026D3F0C400A9954D /* PBXTargetDependency */ = {
			isa = PBXTargetDependency;
			target = B324AFAC26D3F0C300A9954D /* Dummy3 */;
			targetProxy = B324AFCF26D3F0C400A9954D /* PBXContainerItemProxy */;
		};
/* End PBXTargetDependency section */

/* Begin PBXVariantGroup section */
		B324AFB626D3F0C300A9954D /* Main.storyboard */ = {
			isa = PBXVariantGroup;
			children = (
				B324AFB726D3F0C300A9954D /* Base */,
			);
			name = Main.storyboard;
			sourceTree = "<group>";
		};
		B324AFBB26D3F0C400A9954D /* LaunchScreen.storyboard */ = {
			isa = PBXVariantGroup;
			children = (
				B324AFBC26D3F0C400A9954D /* Base */,
			);
			name = LaunchScreen.storyboard;
			sourceTree = "<group>";
		};
/* End PBXVariantGroup section */

/* Begin XCBuildConfiguration section */
		B324AFD526D3F0C400A9954D /* Debug */ = {
			isa = XCBuildConfiguration;
			buildSettings = {
				ALWAYS_SEARCH_USER_PATHS = NO;
				CLANG_ANALYZER_NONNULL = YES;
				CLANG_ANALYZER_NUMBER_OBJECT_CONVERSION = YES_AGGRESSIVE;
				CLANG_CXX_LANGUAGE_STANDARD = "gnu++14";
				CLANG_CXX_LIBRARY = "libc++";
				CLANG_ENABLE_MODULES = YES;
				CLANG_ENABLE_OBJC_ARC = YES;
				CLANG_ENABLE_OBJC_WEAK = YES;
				CLANG_WARN_BLOCK_CAPTURE_AUTORELEASING = YES;
				CLANG_WARN_BOOL_CONVERSION = YES;
				CLANG_WARN_COMMA = YES;
				CLANG_WARN_CONSTANT_CONVERSION = YES;
				CLANG_WARN_DEPRECATED_OBJC_IMPLEMENTATIONS = YES;
				CLANG_WARN_DIRECT_OBJC_ISA_USAGE = YES_ERROR;
				CLANG_WARN_DOCUMENTATION_COMMENTS = YES;
				CLANG_WARN_EMPTY_BODY = YES;
				CLANG_WARN_ENUM_CONVERSION = YES;
				CLANG_WARN_INFINITE_RECURSION = YES;
				CLANG_WARN_INT_CONVERSION = YES;
				CLANG_WARN_NON_LITERAL_NULL_CONVERSION = YES;
				CLANG_WARN_OBJC_IMPLICIT_RETAIN_SELF = YES;
				CLANG_WARN_OBJC_LITERAL_CONVERSION = YES;
				CLANG_WARN_OBJC_ROOT_CLASS = YES_ERROR;
				CLANG_WARN_QUOTED_INCLUDE_IN_FRAMEWORK_HEADER = YES;
				CLANG_WARN_RANGE_LOOP_ANALYSIS = YES;
				CLANG_WARN_STRICT_PROTOTYPES = YES;
				CLANG_WARN_SUSPICIOUS_MOVE = YES;
				CLANG_WARN_UNGUARDED_AVAILABILITY = YES_AGGRESSIVE;
				CLANG_WARN_UNREACHABLE_CODE = YES;
				CLANG_WARN__DUPLICATE_METHOD_MATCH = YES;
				COPY_PHASE_STRIP = NO;
				DEBUG_INFORMATION_FORMAT = dwarf;
				ENABLE_STRICT_OBJC_MSGSEND = YES;
				ENABLE_TESTABILITY = YES;
				GCC_C_LANGUAGE_STANDARD = gnu11;
				GCC_DYNAMIC_NO_PIC = NO;
				GCC_NO_COMMON_BLOCKS = YES;
				GCC_OPTIMIZATION_LEVEL = 0;
				GCC_PREPROCESSOR_DEFINITIONS = (
					"DEBUG=1",
					"$(inherited)",
				);
				GCC_WARN_64_TO_32_BIT_CONVERSION = YES;
				GCC_WARN_ABOUT_RETURN_TYPE = YES_ERROR;
				GCC_WARN_UNDECLARED_SELECTOR = YES;
				GCC_WARN_UNINITIALIZED_AUTOS = YES_AGGRESSIVE;
				GCC_WARN_UNUSED_FUNCTION = YES;
				GCC_WARN_UNUSED_VARIABLE = YES;
				IPHONEOS_DEPLOYMENT_TARGET = 14.5;
				MTL_ENABLE_DEBUG_INFO = INCLUDE_SOURCE;
				MTL_FAST_MATH = YES;
				ONLY_ACTIVE_ARCH = YES;
				SDKROOT = iphoneos;
				SWIFT_ACTIVE_COMPILATION_CONDITIONS = DEBUG;
				SWIFT_OPTIMIZATION_LEVEL = "-Onone";
			};
			name = Debug;
		};
		B324AFD626D3F0C400A9954D /* Release */ = {
			isa = XCBuildConfiguration;
			buildSettings = {
				ALWAYS_SEARCH_USER_PATHS = NO;
				CLANG_ANALYZER_NONNULL = YES;
				CLANG_ANALYZER_NUMBER_OBJECT_CONVERSION = YES_AGGRESSIVE;
				CLANG_CXX_LANGUAGE_STANDARD = "gnu++14";
				CLANG_CXX_LIBRARY = "libc++";
				CLANG_ENABLE_MODULES = YES;
				CLANG_ENABLE_OBJC_ARC = YES;
				CLANG_ENABLE_OBJC_WEAK = YES;
				CLANG_WARN_BLOCK_CAPTURE_AUTORELEASING = YES;
				CLANG_WARN_BOOL_CONVERSION = YES;
				CLANG_WARN_COMMA = YES;
				CLANG_WARN_CONSTANT_CONVERSION = YES;
				CLANG_WARN_DEPRECATED_OBJC_IMPLEMENTATIONS = YES;
				CLANG_WARN_DIRECT_OBJC_ISA_USAGE = YES_ERROR;
				CLANG_WARN_DOCUMENTATION_COMMENTS = YES;
				CLANG_WARN_EMPTY_BODY = YES;
				CLANG_WARN_ENUM_CONVERSION = YES;
				CLANG_WARN_INFINITE_RECURSION = YES;
				CLANG_WARN_INT_CONVERSION = YES;
				CLANG_WARN_NON_LITERAL_NULL_CONVERSION = YES;
				CLANG_WARN_OBJC_IMPLICIT_RETAIN_SELF = YES;
				CLANG_WARN_OBJC_LITERAL_CONVERSION = YES;
				CLANG_WARN_OBJC_ROOT_CLASS = YES_ERROR;
				CLANG_WARN_QUOTED_INCLUDE_IN_FRAMEWORK_HEADER = YES;
				CLANG_WARN_RANGE_LOOP_ANALYSIS = YES;
				CLANG_WARN_STRICT_PROTOTYPES = YES;
				CLANG_WARN_SUSPICIOUS_MOVE = YES;
				CLANG_WARN_UNGUARDED_AVAILABILITY = YES_AGGRESSIVE;
				CLANG_WARN_UNREACHABLE_CODE = YES;
				CLANG_WARN__DUPLICATE_METHOD_MATCH = YES;
				COPY_PHASE_STRIP = NO;
				DEBUG_INFORMATION_FORMAT = "dwarf-with-dsym";
				ENABLE_NS_ASSERTIONS = NO;
				ENABLE_STRICT_OBJC_MSGSEND = YES;
				GCC_C_LANGUAGE_STANDARD = gnu11;
				GCC_NO_COMMON_BLOCKS = YES;
				GCC_WARN_64_TO_32_BIT_CONVERSION = YES;
				GCC_WARN_ABOUT_RETURN_TYPE = YES_ERROR;
				GCC_WARN_UNDECLARED_SELECTOR = YES;
				GCC_WARN_UNINITIALIZED_AUTOS = YES_AGGRESSIVE;
				GCC_WARN_UNUSED_FUNCTION = YES;
				GCC_WARN_UNUSED_VARIABLE = YES;
				IPHONEOS_DEPLOYMENT_TARGET = 14.5;
				MTL_ENABLE_DEBUG_INFO = NO;
				MTL_FAST_MATH = YES;
				SDKROOT = iphoneos;
				SWIFT_COMPILATION_MODE = wholemodule;
				SWIFT_OPTIMIZATION_LEVEL = "-O";
				VALIDATE_PRODUCT = YES;
			};
			name = Release;
		};
		B324AFD826D3F0C400A9954D /* Debug */ = {
			isa = XCBuildConfiguration;
			buildSettings = {
				ASSETCATALOG_COMPILER_APPICON_NAME = AppIcon;
				ASSETCATALOG_COMPILER_GLOBAL_ACCENT_COLOR_NAME = AccentColor;
				CODE_SIGN_STYLE = Automatic;
				INFOPLIST_FILE = Dummy3/Info.plist;
				LD_RUNPATH_SEARCH_PATHS = (
					"$(inherited)",
					"@executable_path/Frameworks",
				);
				PRODUCT_BUNDLE_IDENTIFIER = com.AdisonGreen.Dummy3;
				PRODUCT_NAME = "$(TARGET_NAME)";
				SWIFT_VERSION = 5.0;
				TARGETED_DEVICE_FAMILY = "1,2";
			};
			name = Debug;
		};
		B324AFD926D3F0C400A9954D /* Release */ = {
			isa = XCBuildConfiguration;
			buildSettings = {
				ASSETCATALOG_COMPILER_APPICON_NAME = AppIcon;
				ASSETCATALOG_COMPILER_GLOBAL_ACCENT_COLOR_NAME = AccentColor;
				CODE_SIGN_STYLE = Automatic;
				INFOPLIST_FILE = Dummy3/Info.plist;
				LD_RUNPATH_SEARCH_PATHS = (
					"$(inherited)",
					"@executable_path/Frameworks",
				);
				PRODUCT_BUNDLE_IDENTIFIER = com.AdisonGreen.Dummy3;
				PRODUCT_NAME = "$(TARGET_NAME)";
				SWIFT_VERSION = 5.0;
				TARGETED_DEVICE_FAMILY = "1,2";
			};
			name = Release;
		};
		B324AFDB26D3F0C400A9954D /* Debug */ = {
			isa = XCBuildConfiguration;
			buildSettings = {
				ALWAYS_EMBED_SWIFT_STANDARD_LIBRARIES = YES;
				BUNDLE_LOADER = "$(TEST_HOST)";
				CODE_SIGN_STYLE = Automatic;
				INFOPLIST_FILE = Dummy3Tests/Info.plist;
				IPHONEOS_DEPLOYMENT_TARGET = 14.5;
				LD_RUNPATH_SEARCH_PATHS = (
					"$(inherited)",
					"@executable_path/Frameworks",
					"@loader_path/Frameworks",
				);
				PRODUCT_BUNDLE_IDENTIFIER = com.AdisonGreen.Dummy3Tests;
				PRODUCT_NAME = "$(TARGET_NAME)";
				SWIFT_VERSION = 5.0;
				TARGETED_DEVICE_FAMILY = "1,2";
				TEST_HOST = "$(BUILT_PRODUCTS_DIR)/Dummy3.app/Dummy3";
			};
			name = Debug;
		};
		B324AFDC26D3F0C400A9954D /* Release */ = {
			isa = XCBuildConfiguration;
			buildSettings = {
				ALWAYS_EMBED_SWIFT_STANDARD_LIBRARIES = YES;
				BUNDLE_LOADER = "$(TEST_HOST)";
				CODE_SIGN_STYLE = Automatic;
				INFOPLIST_FILE = Dummy3Tests/Info.plist;
				IPHONEOS_DEPLOYMENT_TARGET = 14.5;
				LD_RUNPATH_SEARCH_PATHS = (
					"$(inherited)",
					"@executable_path/Frameworks",
					"@loader_path/Frameworks",
				);
				PRODUCT_BUNDLE_IDENTIFIER = com.AdisonGreen.Dummy3Tests;
				PRODUCT_NAME = "$(TARGET_NAME)";
				SWIFT_VERSION = 5.0;
				TARGETED_DEVICE_FAMILY = "1,2";
				TEST_HOST = "$(BUILT_PRODUCTS_DIR)/Dummy3.app/Dummy3";
			};
			name = Release;
		};
		B324AFDE26D3F0C400A9954D /* Debug */ = {
			isa = XCBuildConfiguration;
			buildSettings = {
				ALWAYS_EMBED_SWIFT_STANDARD_LIBRARIES = YES;
				CODE_SIGN_STYLE = Automatic;
				INFOPLIST_FILE = Dummy3UITests/Info.plist;
				LD_RUNPATH_SEARCH_PATHS = (
					"$(inherited)",
					"@executable_path/Frameworks",
					"@loader_path/Frameworks",
				);
				PRODUCT_BUNDLE_IDENTIFIER = com.AdisonGreen.Dummy3UITests;
				PRODUCT_NAME = "$(TARGET_NAME)";
				SWIFT_VERSION = 5.0;
				TARGETED_DEVICE_FAMILY = "1,2";
				TEST_TARGET_NAME = Dummy3;
			};
			name = Debug;
		};
		B324AFDF26D3F0C400A9954D /* Release */ = {
			isa = XCBuildConfiguration;
			buildSettings = {
				ALWAYS_EMBED_SWIFT_STANDARD_LIBRARIES = YES;
				CODE_SIGN_STYLE = Automatic;
				INFOPLIST_FILE = Dummy3UITests/Info.plist;
				LD_RUNPATH_SEARCH_PATHS = (
					"$(inherited)",
					"@executable_path/Frameworks",
					"@loader_path/Frameworks",
				);
				PRODUCT_BUNDLE_IDENTIFIER = com.AdisonGreen.Dummy3UITests;
				PRODUCT_NAME = "$(TARGET_NAME)";
				SWIFT_VERSION = 5.0;
				TARGETED_DEVICE_FAMILY = "1,2";
				TEST_TARGET_NAME = Dummy3;
			};
			name = Release;
		};
/* End XCBuildConfiguration section */

/* Begin XCConfigurationList section */
		B324AFA826D3F0C300A9954D /* Build configuration list for PBXProject "Dummy3" */ = {
			isa = XCConfigurationList;
			buildConfigurations = (
				B324AFD526D3F0C400A9954D /* Debug */,
				B324AFD626D3F0C400A9954D /* Release */,
			);
			defaultConfigurationIsVisible = 0;
			defaultConfigurationName = Release;
		};
		B324AFD726D3F0C400A9954D /* Build configuration list for PBXNativeTarget "Dummy3" */ = {
			isa = XCConfigurationList;
			buildConfigurations = (
				B324AFD826D3F0C400A9954D /* Debug */,
				B324AFD926D3F0C400A9954D /* Release */,
			);
			defaultConfigurationIsVisible = 0;
			defaultConfigurationName = Release;
		};
		B324AFDA26D3F0C400A9954D /* Build configuration list for PBXNativeTarget "Dummy3Tests" */ = {
			isa = XCConfigurationList;
			buildConfigurations = (
				B324AFDB26D3F0C400A9954D /* Debug */,
				B324AFDC26D3F0C400A9954D /* Release */,
			);
			defaultConfigurationIsVisible = 0;
			defaultConfigurationName = Release;
		};
		B324AFDD26D3F0C400A9954D /* Build configuration list for PBXNativeTarget "Dummy3UITests" */ = {
			isa = XCConfigurationList;
			buildConfigurations = (
				B324AFDE26D3F0C400A9954D /* Debug */,
				B324AFDF26D3F0C400A9954D /* Release */,
			);
			defaultConfigurationIsVisible = 0;
			defaultConfigurationName = Release;
		};
/* End XCConfigurationList section */
	};
	rootObject = B324AFA526D3F0C300A9954D /* Project object */;
}
