// !$*UTF8*$!
{
	archiveVersion = 1;
	classes = {
	};
	objectVersion = 50;
	objects = {

/* Begin PBXBuildFile section */
		B3B7EAE82714829100A5D06A /* AppDelegate.swift in Sources */ = {isa = PBXBuildFile; fileRef = B3B7EAE72714829100A5D06A /* AppDelegate.swift */; };
		B3B7EAEA2714829100A5D06A /* SceneDelegate.swift in Sources */ = {isa = PBXBuildFile; fileRef = B3B7EAE92714829100A5D06A /* SceneDelegate.swift */; };
		B3B7EAEC2714829100A5D06A /* ViewController.swift in Sources */ = {isa = PBXBuildFile; fileRef = B3B7EAEB2714829100A5D06A /* ViewController.swift */; };
		B3B7EAEF2714829100A5D06A /* Main.storyboard in Resources */ = {isa = PBXBuildFile; fileRef = B3B7EAED2714829100A5D06A /* Main.storyboard */; };
		B3B7EAF12714829100A5D06A /* Assets.xcassets in Resources */ = {isa = PBXBuildFile; fileRef = B3B7EAF02714829100A5D06A /* Assets.xcassets */; };
		B3B7EAF42714829100A5D06A /* LaunchScreen.storyboard in Resources */ = {isa = PBXBuildFile; fileRef = B3B7EAF22714829100A5D06A /* LaunchScreen.storyboard */; };
		B3B7EAFC2714834000A5D06A /* FoodTableTableViewController.swift in Sources */ = {isa = PBXBuildFile; fileRef = B3B7EAFB2714834000A5D06A /* FoodTableTableViewController.swift */; };
		B3B7EAFE2714836400A5D06A /* Meal.swift in Sources */ = {isa = PBXBuildFile; fileRef = B3B7EAFD2714836400A5D06A /* Meal.swift */; };
		B3B7EB002714836D00A5D06A /* Food.swift in Sources */ = {isa = PBXBuildFile; fileRef = B3B7EAFF2714836D00A5D06A /* Food.swift */; };
/* End PBXBuildFile section */

/* Begin PBXFileReference section */
		B3B7EAE42714829100A5D06A /* mealTracker.app */ = {isa = PBXFileReference; explicitFileType = wrapper.application; includeInIndex = 0; path = mealTracker.app; sourceTree = BUILT_PRODUCTS_DIR; };
		B3B7EAE72714829100A5D06A /* AppDelegate.swift */ = {isa = PBXFileReference; lastKnownFileType = sourcecode.swift; path = AppDelegate.swift; sourceTree = "<group>"; };
		B3B7EAE92714829100A5D06A /* SceneDelegate.swift */ = {isa = PBXFileReference; lastKnownFileType = sourcecode.swift; path = SceneDelegate.swift; sourceTree = "<group>"; };
		B3B7EAEB2714829100A5D06A /* ViewController.swift */ = {isa = PBXFileReference; lastKnownFileType = sourcecode.swift; path = ViewController.swift; sourceTree = "<group>"; };
		B3B7EAEE2714829100A5D06A /* Base */ = {isa = PBXFileReference; lastKnownFileType = file.storyboard; name = Base; path = Base.lproj/Main.storyboard; sourceTree = "<group>"; };
		B3B7EAF02714829100A5D06A /* Assets.xcassets */ = {isa = PBXFileReference; lastKnownFileType = folder.assetcatalog; path = Assets.xcassets; sourceTree = "<group>"; };
		B3B7EAF32714829100A5D06A /* Base */ = {isa = PBXFileReference; lastKnownFileType = file.storyboard; name = Base; path = Base.lproj/LaunchScreen.storyboard; sourceTree = "<group>"; };
		B3B7EAF52714829100A5D06A /* Info.plist */ = {isa = PBXFileReference; lastKnownFileType = text.plist.xml; path = Info.plist; sourceTree = "<group>"; };
		B3B7EAFB2714834000A5D06A /* FoodTableTableViewController.swift */ = {isa = PBXFileReference; lastKnownFileType = sourcecode.swift; path = FoodTableTableViewController.swift; sourceTree = "<group>"; };
		B3B7EAFD2714836400A5D06A /* Meal.swift */ = {isa = PBXFileReference; lastKnownFileType = sourcecode.swift; path = Meal.swift; sourceTree = "<group>"; };
		B3B7EAFF2714836D00A5D06A /* Food.swift */ = {isa = PBXFileReference; lastKnownFileType = sourcecode.swift; path = Food.swift; sourceTree = "<group>"; };
/* End PBXFileReference section */

/* Begin PBXFrameworksBuildPhase section */
		B3B7EAE12714829100A5D06A /* Frameworks */ = {
			isa = PBXFrameworksBuildPhase;
			buildActionMask = 2147483647;
			files = (
			);
			runOnlyForDeploymentPostprocessing = 0;
		};
/* End PBXFrameworksBuildPhase section */

/* Begin PBXGroup section */
		B3B7EADB2714829000A5D06A = {
			isa = PBXGroup;
			children = (
				B3B7EAE62714829100A5D06A /* mealTracker */,
				B3B7EAE52714829100A5D06A /* Products */,
			);
			sourceTree = "<group>";
		};
		B3B7EAE52714829100A5D06A /* Products */ = {
			isa = PBXGroup;
			children = (
				B3B7EAE42714829100A5D06A /* mealTracker.app */,
			);
			name = Products;
			sourceTree = "<group>";
		};
		B3B7EAE62714829100A5D06A /* mealTracker */ = {
			isa = PBXGroup;
			children = (
				B3B7EAE72714829100A5D06A /* AppDelegate.swift */,
				B3B7EAE92714829100A5D06A /* SceneDelegate.swift */,
				B3B7EAEB2714829100A5D06A /* ViewController.swift */,
				B3B7EAED2714829100A5D06A /* Main.storyboard */,
				B3B7EAFD2714836400A5D06A /* Meal.swift */,
				B3B7EAFF2714836D00A5D06A /* Food.swift */,
				B3B7EAFB2714834000A5D06A /* FoodTableTableViewController.swift */,
				B3B7EAF02714829100A5D06A /* Assets.xcassets */,
				B3B7EAF22714829100A5D06A /* LaunchScreen.storyboard */,
				B3B7EAF52714829100A5D06A /* Info.plist */,
			);
			path = mealTracker;
			sourceTree = "<group>";
		};
/* End PBXGroup section */

/* Begin PBXNativeTarget section */
		B3B7EAE32714829100A5D06A /* mealTracker */ = {
			isa = PBXNativeTarget;
			buildConfigurationList = B3B7EAF82714829100A5D06A /* Build configuration list for PBXNativeTarget "mealTracker" */;
			buildPhases = (
				B3B7EAE02714829100A5D06A /* Sources */,
				B3B7EAE12714829100A5D06A /* Frameworks */,
				B3B7EAE22714829100A5D06A /* Resources */,
			);
			buildRules = (
			);
			dependencies = (
			);
			name = mealTracker;
			productName = mealTracker;
			productReference = B3B7EAE42714829100A5D06A /* mealTracker.app */;
			productType = "com.apple.product-type.application";
		};
/* End PBXNativeTarget section */

/* Begin PBXProject section */
		B3B7EADC2714829000A5D06A /* Project object */ = {
			isa = PBXProject;
			attributes = {
				LastSwiftUpdateCheck = 1250;
				LastUpgradeCheck = 1250;
				TargetAttributes = {
					B3B7EAE32714829100A5D06A = {
						CreatedOnToolsVersion = 12.5.1;
					};
				};
			};
			buildConfigurationList = B3B7EADF2714829000A5D06A /* Build configuration list for PBXProject "mealTracker" */;
			compatibilityVersion = "Xcode 9.3";
			developmentRegion = en;
			hasScannedForEncodings = 0;
			knownRegions = (
				en,
				Base,
			);
			mainGroup = B3B7EADB2714829000A5D06A;
			productRefGroup = B3B7EAE52714829100A5D06A /* Products */;
			projectDirPath = "";
			projectRoot = "";
			targets = (
				B3B7EAE32714829100A5D06A /* mealTracker */,
			);
		};
/* End PBXProject section */

/* Begin PBXResourcesBuildPhase section */
		B3B7EAE22714829100A5D06A /* Resources */ = {
			isa = PBXResourcesBuildPhase;
			buildActionMask = 2147483647;
			files = (
				B3B7EAF42714829100A5D06A /* LaunchScreen.storyboard in Resources */,
				B3B7EAF12714829100A5D06A /* Assets.xcassets in Resources */,
				B3B7EAEF2714829100A5D06A /* Main.storyboard in Resources */,
			);
			runOnlyForDeploymentPostprocessing = 0;
		};
/* End PBXResourcesBuildPhase section */

/* Begin PBXSourcesBuildPhase section */
		B3B7EAE02714829100A5D06A /* Sources */ = {
			isa = PBXSourcesBuildPhase;
			buildActionMask = 2147483647;
			files = (
				B3B7EAFE2714836400A5D06A /* Meal.swift in Sources */,
				B3B7EAFC2714834000A5D06A /* FoodTableTableViewController.swift in Sources */,
				B3B7EAEC2714829100A5D06A /* ViewController.swift in Sources */,
				B3B7EAE82714829100A5D06A /* AppDelegate.swift in Sources */,
				B3B7EAEA2714829100A5D06A /* SceneDelegate.swift in Sources */,
				B3B7EB002714836D00A5D06A /* Food.swift in Sources */,
			);
			runOnlyForDeploymentPostprocessing = 0;
		};
/* End PBXSourcesBuildPhase section */

/* Begin PBXVariantGroup section */
		B3B7EAED2714829100A5D06A /* Main.storyboard */ = {
			isa = PBXVariantGroup;
			children = (
				B3B7EAEE2714829100A5D06A /* Base */,
			);
			name = Main.storyboard;
			sourceTree = "<group>";
		};
		B3B7EAF22714829100A5D06A /* LaunchScreen.storyboard */ = {
			isa = PBXVariantGroup;
			children = (
				B3B7EAF32714829100A5D06A /* Base */,
			);
			name = LaunchScreen.storyboard;
			sourceTree = "<group>";
		};
/* End PBXVariantGroup section */

/* Begin XCBuildConfiguration section */
		B3B7EAF62714829100A5D06A /* Debug */ = {
			isa = XCBuildConfiguration;
			buildSettings = {
				ALWAYS_SEARCH_USER_PATHS = NO;
				CLANG_ANALYZER_NONNULL = YES;
				CLANG_ANALYZER_NUMBER_OBJECT_CONVERSION = YES_AGGRESSIVE;
				CLANG_CXX_LANGUAGE_STANDARD = "gnu++14";
				CLANG_CXX_LIBRARY = "libc++";
				CLANG_ENABLE_MODULES = YES;
				CLANG_ENABLE_OBJC_ARC = YES;
				CLANG_ENABLE_OBJC_WEAK = YES;
				CLANG_WARN_BLOCK_CAPTURE_AUTORELEASING = YES;
				CLANG_WARN_BOOL_CONVERSION = YES;
				CLANG_WARN_COMMA = YES;
				CLANG_WARN_CONSTANT_CONVERSION = YES;
				CLANG_WARN_DEPRECATED_OBJC_IMPLEMENTATIONS = YES;
				CLANG_WARN_DIRECT_OBJC_ISA_USAGE = YES_ERROR;
				CLANG_WARN_DOCUMENTATION_COMMENTS = YES;
				CLANG_WARN_EMPTY_BODY = YES;
				CLANG_WARN_ENUM_CONVERSION = YES;
				CLANG_WARN_INFINITE_RECURSION = YES;
				CLANG_WARN_INT_CONVERSION = YES;
				CLANG_WARN_NON_LITERAL_NULL_CONVERSION = YES;
				CLANG_WARN_OBJC_IMPLICIT_RETAIN_SELF = YES;
				CLANG_WARN_OBJC_LITERAL_CONVERSION = YES;
				CLANG_WARN_OBJC_ROOT_CLASS = YES_ERROR;
				CLANG_WARN_QUOTED_INCLUDE_IN_FRAMEWORK_HEADER = YES;
				CLANG_WARN_RANGE_LOOP_ANALYSIS = YES;
				CLANG_WARN_STRICT_PROTOTYPES = YES;
				CLANG_WARN_SUSPICIOUS_MOVE = YES;
				CLANG_WARN_UNGUARDED_AVAILABILITY = YES_AGGRESSIVE;
				CLANG_WARN_UNREACHABLE_CODE = YES;
				CLANG_WARN__DUPLICATE_METHOD_MATCH = YES;
				COPY_PHASE_STRIP = NO;
				DEBUG_INFORMATION_FORMAT = dwarf;
				ENABLE_STRICT_OBJC_MSGSEND = YES;
				ENABLE_TESTABILITY = YES;
				GCC_C_LANGUAGE_STANDARD = gnu11;
				GCC_DYNAMIC_NO_PIC = NO;
				GCC_NO_COMMON_BLOCKS = YES;
				GCC_OPTIMIZATION_LEVEL = 0;
				GCC_PREPROCESSOR_DEFINITIONS = (
					"DEBUG=1",
					"$(inherited)",
				);
				GCC_WARN_64_TO_32_BIT_CONVERSION = YES;
				GCC_WARN_ABOUT_RETURN_TYPE = YES_ERROR;
				GCC_WARN_UNDECLARED_SELECTOR = YES;
				GCC_WARN_UNINITIALIZED_AUTOS = YES_AGGRESSIVE;
				GCC_WARN_UNUSED_FUNCTION = YES;
				GCC_WARN_UNUSED_VARIABLE = YES;
				IPHONEOS_DEPLOYMENT_TARGET = 14.5;
				MTL_ENABLE_DEBUG_INFO = INCLUDE_SOURCE;
				MTL_FAST_MATH = YES;
				ONLY_ACTIVE_ARCH = YES;
				SDKROOT = iphoneos;
				SWIFT_ACTIVE_COMPILATION_CONDITIONS = DEBUG;
				SWIFT_OPTIMIZATION_LEVEL = "-Onone";
			};
			name = Debug;
		};
		B3B7EAF72714829100A5D06A /* Release */ = {
			isa = XCBuildConfiguration;
			buildSettings = {
				ALWAYS_SEARCH_USER_PATHS = NO;
				CLANG_ANALYZER_NONNULL = YES;
				CLANG_ANALYZER_NUMBER_OBJECT_CONVERSION = YES_AGGRESSIVE;
				CLANG_CXX_LANGUAGE_STANDARD = "gnu++14";
				CLANG_CXX_LIBRARY = "libc++";
				CLANG_ENABLE_MODULES = YES;
				CLANG_ENABLE_OBJC_ARC = YES;
				CLANG_ENABLE_OBJC_WEAK = YES;
				CLANG_WARN_BLOCK_CAPTURE_AUTORELEASING = YES;
				CLANG_WARN_BOOL_CONVERSION = YES;
				CLANG_WARN_COMMA = YES;
				CLANG_WARN_CONSTANT_CONVERSION = YES;
				CLANG_WARN_DEPRECATED_OBJC_IMPLEMENTATIONS = YES;
				CLANG_WARN_DIRECT_OBJC_ISA_USAGE = YES_ERROR;
				CLANG_WARN_DOCUMENTATION_COMMENTS = YES;
				CLANG_WARN_EMPTY_BODY = YES;
				CLANG_WARN_ENUM_CONVERSION = YES;
				CLANG_WARN_INFINITE_RECURSION = YES;
				CLANG_WARN_INT_CONVERSION = YES;
				CLANG_WARN_NON_LITERAL_NULL_CONVERSION = YES;
				CLANG_WARN_OBJC_IMPLICIT_RETAIN_SELF = YES;
				CLANG_WARN_OBJC_LITERAL_CONVERSION = YES;
				CLANG_WARN_OBJC_ROOT_CLASS = YES_ERROR;
				CLANG_WARN_QUOTED_INCLUDE_IN_FRAMEWORK_HEADER = YES;
				CLANG_WARN_RANGE_LOOP_ANALYSIS = YES;
				CLANG_WARN_STRICT_PROTOTYPES = YES;
				CLANG_WARN_SUSPICIOUS_MOVE = YES;
				CLANG_WARN_UNGUARDED_AVAILABILITY = YES_AGGRESSIVE;
				CLANG_WARN_UNREACHABLE_CODE = YES;
				CLANG_WARN__DUPLICATE_METHOD_MATCH = YES;
				COPY_PHASE_STRIP = NO;
				DEBUG_INFORMATION_FORMAT = "dwarf-with-dsym";
				ENABLE_NS_ASSERTIONS = NO;
				ENABLE_STRICT_OBJC_MSGSEND = YES;
				GCC_C_LANGUAGE_STANDARD = gnu11;
				GCC_NO_COMMON_BLOCKS = YES;
				GCC_WARN_64_TO_32_BIT_CONVERSION = YES;
				GCC_WARN_ABOUT_RETURN_TYPE = YES_ERROR;
				GCC_WARN_UNDECLARED_SELECTOR = YES;
				GCC_WARN_UNINITIALIZED_AUTOS = YES_AGGRESSIVE;
				GCC_WARN_UNUSED_FUNCTION = YES;
				GCC_WARN_UNUSED_VARIABLE = YES;
				IPHONEOS_DEPLOYMENT_TARGET = 14.5;
				MTL_ENABLE_DEBUG_INFO = NO;
				MTL_FAST_MATH = YES;
				SDKROOT = iphoneos;
				SWIFT_COMPILATION_MODE = wholemodule;
				SWIFT_OPTIMIZATION_LEVEL = "-O";
				VALIDATE_PRODUCT = YES;
			};
			name = Release;
		};
		B3B7EAF92714829100A5D06A /* Debug */ = {
			isa = XCBuildConfiguration;
			buildSettings = {
				ASSETCATALOG_COMPILER_APPICON_NAME = AppIcon;
				ASSETCATALOG_COMPILER_GLOBAL_ACCENT_COLOR_NAME = AccentColor;
				CODE_SIGN_STYLE = Automatic;
				DEVELOPMENT_TEAM = TUY57CWU92;
				INFOPLIST_FILE = mealTracker/Info.plist;
				LD_RUNPATH_SEARCH_PATHS = (
					"$(inherited)",
					"@executable_path/Frameworks",
				);
				PRODUCT_BUNDLE_IDENTIFIER = com.AdisonGreen.mealTracker;
				PRODUCT_NAME = "$(TARGET_NAME)";
				SWIFT_VERSION = 5.0;
				TARGETED_DEVICE_FAMILY = "1,2";
			};
			name = Debug;
		};
		B3B7EAFA2714829100A5D06A /* Release */ = {
			isa = XCBuildConfiguration;
			buildSettings = {
				ASSETCATALOG_COMPILER_APPICON_NAME = AppIcon;
				ASSETCATALOG_COMPILER_GLOBAL_ACCENT_COLOR_NAME = AccentColor;
				CODE_SIGN_STYLE = Automatic;
				DEVELOPMENT_TEAM = TUY57CWU92;
				INFOPLIST_FILE = mealTracker/Info.plist;
				LD_RUNPATH_SEARCH_PATHS = (
					"$(inherited)",
					"@executable_path/Frameworks",
				);
				PRODUCT_BUNDLE_IDENTIFIER = com.AdisonGreen.mealTracker;
				PRODUCT_NAME = "$(TARGET_NAME)";
				SWIFT_VERSION = 5.0;
				TARGETED_DEVICE_FAMILY = "1,2";
			};
			name = Release;
		};
/* End XCBuildConfiguration section */

/* Begin XCConfigurationList section */
		B3B7EADF2714829000A5D06A /* Build configuration list for PBXProject "mealTracker" */ = {
			isa = XCConfigurationList;
			buildConfigurations = (
				B3B7EAF62714829100A5D06A /* Debug */,
				B3B7EAF72714829100A5D06A /* Release */,
			);
			defaultConfigurationIsVisible = 0;
			defaultConfigurationName = Release;
		};
		B3B7EAF82714829100A5D06A /* Build configuration list for PBXNativeTarget "mealTracker" */ = {
			isa = XCConfigurationList;
			buildConfigurations = (
				B3B7EAF92714829100A5D06A /* Debug */,
				B3B7EAFA2714829100A5D06A /* Release */,
			);
			defaultConfigurationIsVisible = 0;
			defaultConfigurationName = Release;
		};
/* End XCConfigurationList section */
	};
	rootObject = B3B7EADC2714829000A5D06A /* Project object */;
}
